
Microsoft Visual Studio Solution File, Format Version 12.00
# Visual Studio Version 17
VisualStudioVersion = 17.9.34701.34
MinimumVisualStudioVersion = 10.0.40219.1
Project("{FAE04EC0-301F-11D3-BF4B-00C04F79EFBC}") = "ETS-Web-API-V2", "ETS-Web-API-V2\ETS-Web-API-V2.csproj", "{C428F174-60F5-4EB3-9D77-A0A5AE17A03B}"
EndProject
Project("{FAE04EC0-301F-11D3-BF4B-00C04F79EFBC}") = "Business", "Business\Business.csproj", "{FE6E2C96-D365-48FD-9217-66EF3B28A5FF}"
EndProject
Project("{FAE04EC0-301F-11D3-BF4B-00C04F79EFBC}") = "Data", "Data\Data.csproj", "{8F191C69-7744-47D2-A915-9B3596602A23}"
EndProject
Project("{FAE04EC0-301F-11D3-BF4B-00C04F79EFBC}") = "Common", "Common\Common.csproj", "{9EAE7CCE-577A-4F2E-A5ED-19A844BB3D95}"
EndProject
Project("{FAE04EC0-301F-11D3-BF4B-00C04F79EFBC}") = "Contract", "Contract\Contract.csproj", "{6569461B-165F-4BE1-B865-7B2E123840A8}"
EndProject
Global
	GlobalSection(SolutionConfigurationPlatforms) = preSolution
		Debug|Any CPU = Debug|Any CPU
		Release|Any CPU = Release|Any CPU
	EndGlobalSection
	GlobalSection(ProjectConfigurationPlatforms) = postSolution
		{C428F174-60F5-4EB3-9D77-A0A5AE17A03B}.Debug|Any CPU.ActiveCfg = Debug|Any CPU
		{C428F174-60F5-4EB3-9D77-A0A5AE17A03B}.Debug|Any CPU.Build.0 = Debug|Any CPU
		{C428F174-60F5-4EB3-9D77-A0A5AE17A03B}.Release|Any CPU.ActiveCfg = Release|Any CPU
		{C428F174-60F5-4EB3-9D77-A0A5AE17A03B}.Release|Any CPU.Build.0 = Release|Any CPU
		{FE6E2C96-D365-48FD-9217-66EF3B28A5FF}.Debug|Any CPU.ActiveCfg = Debug|Any CPU
		{FE6E2C96-D365-48FD-9217-66EF3B28A5FF}.Debug|Any CPU.Build.0 = Debug|Any CPU
		{FE6E2C96-D365-48FD-9217-66EF3B28A5FF}.Release|Any CPU.ActiveCfg = Release|Any CPU
		{FE6E2C96-D365-48FD-9217-66EF3B28A5FF}.Release|Any CPU.Build.0 = Release|Any CPU
		{8F191C69-7744-47D2-A915-9B3596602A23}.Debug|Any CPU.ActiveCfg = Debug|Any CPU
		{8F191C69-7744-47D2-A915-9B3596602A23}.Debug|Any CPU.Build.0 = Debug|Any CPU
		{8F191C69-7744-47D2-A915-9B3596602A23}.Release|Any CPU.ActiveCfg = Release|Any CPU
		{8F191C69-7744-47D2-A915-9B3596602A23}.Release|Any CPU.Build.0 = Release|Any CPU
		{9EAE7CCE-577A-4F2E-A5ED-19A844BB3D95}.Debug|Any CPU.ActiveCfg = Debug|Any CPU
		{9EAE7CCE-577A-4F2E-A5ED-19A844BB3D95}.Debug|Any CPU.Build.0 = Debug|Any CPU
		{9EAE7CCE-577A-4F2E-A5ED-19A844BB3D95}.Release|Any CPU.ActiveCfg = Release|Any CPU
		{9EAE7CCE-577A-4F2E-A5ED-19A844BB3D95}.Release|Any CPU.Build.0 = Release|Any CPU
		{6569461B-165F-4BE1-B865-7B2E123840A8}.Debug|Any CPU.ActiveCfg = Debug|Any CPU
		{6569461B-165F-4BE1-B865-7B2E123840A8}.Debug|Any CPU.Build.0 = Debug|Any CPU
		{6569461B-165F-4BE1-B865-7B2E123840A8}.Release|Any CPU.ActiveCfg = Release|Any CPU
		{6569461B-165F-4BE1-B865-7B2E123840A8}.Release|Any CPU.Build.0 = Release|Any CPU
	EndGlobalSection
	GlobalSection(SolutionProperties) = preSolution
		HideSolutionNode = FALSE
	EndGlobalSection
	GlobalSection(ExtensibilityGlobals) = postSolution
		SolutionGuid = {DC3219B2-1B72-4CFE-8FE7-362B90198065}
	EndGlobalSection
EndGlobal
